// !$*UTF8*$!
{
	archiveVersion = 1;
	classes = {
	};
	objectVersion = 56;
	objects = {

/* Begin PBXBuildFile section */
		CF00CA532A4B221A0005AA09 /* 2738.swift in Sources */ = {isa = PBXBuildFile; fileRef = CF00CA522A4B221A0005AA09 /* 2738.swift */; };
		CF00CA552A4B25FA0005AA09 /* 2566.swift in Sources */ = {isa = PBXBuildFile; fileRef = CF00CA542A4B25FA0005AA09 /* 2566.swift */; };
		CF00CA572A4B27A10005AA09 /* 10798.swift in Sources */ = {isa = PBXBuildFile; fileRef = CF00CA562A4B27A10005AA09 /* 10798.swift */; };
		CF00CA592A4B2EEC0005AA09 /* 2563.swift in Sources */ = {isa = PBXBuildFile; fileRef = CF00CA582A4B2EEC0005AA09 /* 2563.swift */; };
		CF132C8B2A4BD74B009FCD50 /* 2745.swift in Sources */ = {isa = PBXBuildFile; fileRef = CF132C8A2A4BD74B009FCD50 /* 2745.swift */; };
		CF132C8D2A4BE679009FCD50 /* 11005.swift in Sources */ = {isa = PBXBuildFile; fileRef = CF132C8C2A4BE679009FCD50 /* 11005.swift */; };
		CF132C8F2A4BE9C3009FCD50 /* 2720.swift in Sources */ = {isa = PBXBuildFile; fileRef = CF132C8E2A4BE9C3009FCD50 /* 2720.swift */; };
		CF132C912A4BEC16009FCD50 /* 2903.swift in Sources */ = {isa = PBXBuildFile; fileRef = CF132C902A4BEC16009FCD50 /* 2903.swift */; };
		CF20B7142A4C8256007859F9 /* 2292.swift in Sources */ = {isa = PBXBuildFile; fileRef = CF20B7132A4C8256007859F9 /* 2292.swift */; };
		CF58B8E82A49BE5600966E7A /* 27866.swift in Sources */ = {isa = PBXBuildFile; fileRef = CF58B8E72A49BE5600966E7A /* 27866.swift */; };
		CF58B8EA2A49BEE300966E7A /* 2743.swift in Sources */ = {isa = PBXBuildFile; fileRef = CF58B8E92A49BEE300966E7A /* 2743.swift */; };
		CF58B8EC2A49BF4000966E7A /* 9086.swift in Sources */ = {isa = PBXBuildFile; fileRef = CF58B8EB2A49BF4000966E7A /* 9086.swift */; };
		CF58B8EE2A49C13700966E7A /* 11654.swift in Sources */ = {isa = PBXBuildFile; fileRef = CF58B8ED2A49C13700966E7A /* 11654.swift */; };
		CF58B8F02A49C1BB00966E7A /* 11720.swift in Sources */ = {isa = PBXBuildFile; fileRef = CF58B8EF2A49C1BB00966E7A /* 11720.swift */; };
		CF58B8F22A49C28E00966E7A /* 10809.swift in Sources */ = {isa = PBXBuildFile; fileRef = CF58B8F12A49C28E00966E7A /* 10809.swift */; };
		CF58B8F42A49C76E00966E7A /* 2675.swift in Sources */ = {isa = PBXBuildFile; fileRef = CF58B8F32A49C76E00966E7A /* 2675.swift */; };
		CF58B8F62A49C99700966E7A /* 1152.swift in Sources */ = {isa = PBXBuildFile; fileRef = CF58B8F52A49C99700966E7A /* 1152.swift */; };
		CF58B8F82A49CA2C00966E7A /* 2908.swift in Sources */ = {isa = PBXBuildFile; fileRef = CF58B8F72A49CA2C00966E7A /* 2908.swift */; };
		CF58B8FA2A49CCE900966E7A /* 5622.swift in Sources */ = {isa = PBXBuildFile; fileRef = CF58B8F92A49CCE900966E7A /* 5622.swift */; };
		CF58B8FC2A49CE6300966E7A /* 11718.swift in Sources */ = {isa = PBXBuildFile; fileRef = CF58B8FB2A49CE6300966E7A /* 11718.swift */; };
		CF59C0D82A4869D30058C075 /* 2739.swift in Sources */ = {isa = PBXBuildFile; fileRef = CF59C0D72A4869D30058C075 /* 2739.swift */; };
		CF59C0DA2A486A620058C075 /* 10950.swift in Sources */ = {isa = PBXBuildFile; fileRef = CF59C0D92A486A620058C075 /* 10950.swift */; };
		CF59C0DC2A486B600058C075 /* 8393.swift in Sources */ = {isa = PBXBuildFile; fileRef = CF59C0DB2A486B600058C075 /* 8393.swift */; };
		CF59C0DE2A486BC20058C075 /* 25304.swift in Sources */ = {isa = PBXBuildFile; fileRef = CF59C0DD2A486BC20058C075 /* 25304.swift */; };
		CF59C0E02A486D250058C075 /* 25314.swift in Sources */ = {isa = PBXBuildFile; fileRef = CF59C0DF2A486D250058C075 /* 25314.swift */; };
		CF59C0E22A486E6C0058C075 /* 2438.swift in Sources */ = {isa = PBXBuildFile; fileRef = CF59C0E12A486E6C0058C075 /* 2438.swift */; };
		CF59C0E42A486FCB0058C075 /* 2439.swift in Sources */ = {isa = PBXBuildFile; fileRef = CF59C0E32A486FCB0058C075 /* 2439.swift */; };
		CF59C0E62A4870830058C075 /* 10952.swift in Sources */ = {isa = PBXBuildFile; fileRef = CF59C0E52A4870830058C075 /* 10952.swift */; };
		CF59C0E82A4872D30058C075 /* 10951.swift in Sources */ = {isa = PBXBuildFile; fileRef = CF59C0E72A4872D30058C075 /* 10951.swift */; };
		CF8D38292A49466900E39288 /* 2562.swift in Sources */ = {isa = PBXBuildFile; fileRef = CF8D38282A49466900E39288 /* 2562.swift */; };
		CF8D382B2A49484500E39288 /* 10810.swift in Sources */ = {isa = PBXBuildFile; fileRef = CF8D382A2A49484500E39288 /* 10810.swift */; };
		CF8D382D2A4949F400E39288 /* 10813.swift in Sources */ = {isa = PBXBuildFile; fileRef = CF8D382C2A4949F400E39288 /* 10813.swift */; };
		CF8D382F2A494BFF00E39288 /* 5597.swift in Sources */ = {isa = PBXBuildFile; fileRef = CF8D382E2A494BFF00E39288 /* 5597.swift */; };
		CF8D38312A494CF400E39288 /* 3052.swift in Sources */ = {isa = PBXBuildFile; fileRef = CF8D38302A494CF400E39288 /* 3052.swift */; };
		CF8D38332A494E2E00E39288 /* 10811.swift in Sources */ = {isa = PBXBuildFile; fileRef = CF8D38322A494E2E00E39288 /* 10811.swift */; };
		CF8D38352A49522900E39288 /* 1546.swift in Sources */ = {isa = PBXBuildFile; fileRef = CF8D38342A49522900E39288 /* 1546.swift */; };
		CF92EBD92A4A70E60017C0EA /* 3003.swift in Sources */ = {isa = PBXBuildFile; fileRef = CF92EBD82A4A70E60017C0EA /* 3003.swift */; };
		CF92EBDB2A4A72170017C0EA /* 2444.swift in Sources */ = {isa = PBXBuildFile; fileRef = CF92EBDA2A4A72170017C0EA /* 2444.swift */; };
		CF92EBDD2A4A7A4F0017C0EA /* 10988.swift in Sources */ = {isa = PBXBuildFile; fileRef = CF92EBDC2A4A7A4F0017C0EA /* 10988.swift */; };
		CF92EBDF2A4A7CCB0017C0EA /* 1157.swift in Sources */ = {isa = PBXBuildFile; fileRef = CF92EBDE2A4A7CCB0017C0EA /* 1157.swift */; };
		CF92EBE12A4A87EB0017C0EA /* 2941.swift in Sources */ = {isa = PBXBuildFile; fileRef = CF92EBE02A4A87EB0017C0EA /* 2941.swift */; };
		CFAD82692A4AB7FA00E1B264 /* 1316.swift in Sources */ = {isa = PBXBuildFile; fileRef = CFAD82682A4AB7FA00E1B264 /* 1316.swift */; };
		CFAD826B2A4ABEEC00E1B264 /* 25206.swift in Sources */ = {isa = PBXBuildFile; fileRef = CFAD826A2A4ABEEC00E1B264 /* 25206.swift */; };
		CFAD826D2A4AC3E000E1B264 /* 25083.swift in Sources */ = {isa = PBXBuildFile; fileRef = CFAD826C2A4AC3E000E1B264 /* 25083.swift */; };
		CFB2413F2A46DB83008C8B1D /* main.swift in Sources */ = {isa = PBXBuildFile; fileRef = CFB2413E2A46DB83008C8B1D /* main.swift */; };
		CFB241462A46DF03008C8B1D /* 2557.swift in Sources */ = {isa = PBXBuildFile; fileRef = CFB241452A46DF03008C8B1D /* 2557.swift */; };
		CFB241492A46DFD9008C8B1D /* 10869.swift in Sources */ = {isa = PBXBuildFile; fileRef = CFB241482A46DFD9008C8B1D /* 10869.swift */; };
		CFB2414B2A46E09A008C8B1D /* 10926.swift in Sources */ = {isa = PBXBuildFile; fileRef = CFB2414A2A46E09A008C8B1D /* 10926.swift */; };
		CFB2414D2A46E28C008C8B1D /* 10430.swift in Sources */ = {isa = PBXBuildFile; fileRef = CFB2414C2A46E28C008C8B1D /* 10430.swift */; };
		CFB2414F2A46E315008C8B1D /* Template.swift in Sources */ = {isa = PBXBuildFile; fileRef = CFB2414E2A46E315008C8B1D /* Template.swift */; };
		CFB241512A46E356008C8B1D /* 2588.swift in Sources */ = {isa = PBXBuildFile; fileRef = CFB241502A46E356008C8B1D /* 2588.swift */; };
		CFB241532A46E640008C8B1D /* 11382.swift in Sources */ = {isa = PBXBuildFile; fileRef = CFB241522A46E640008C8B1D /* 11382.swift */; };
		CFB241562A46E755008C8B1D /* 1330.swift in Sources */ = {isa = PBXBuildFile; fileRef = CFB241552A46E755008C8B1D /* 1330.swift */; };
		CFB241582A46E832008C8B1D /* 9498.swift in Sources */ = {isa = PBXBuildFile; fileRef = CFB241572A46E832008C8B1D /* 9498.swift */; };
		CFB2415A2A46E94C008C8B1D /* 2753.swift in Sources */ = {isa = PBXBuildFile; fileRef = CFB241592A46E94C008C8B1D /* 2753.swift */; };
		CFB2415C2A46EA0F008C8B1D /* 14681.swift in Sources */ = {isa = PBXBuildFile; fileRef = CFB2415B2A46EA0F008C8B1D /* 14681.swift */; };
		CFB2415E2A46EAD7008C8B1D /* 2884.swift in Sources */ = {isa = PBXBuildFile; fileRef = CFB2415D2A46EAD7008C8B1D /* 2884.swift */; };
		CFB241602A46EC05008C8B1D /* 2525.swift in Sources */ = {isa = PBXBuildFile; fileRef = CFB2415F2A46EC05008C8B1D /* 2525.swift */; };
		CFB241622A46EE5C008C8B1D /* 2480.swift in Sources */ = {isa = PBXBuildFile; fileRef = CFB241612A46EE5C008C8B1D /* 2480.swift */; };
		CFCBA60F2A4873C5003236EE /* 10807.swift in Sources */ = {isa = PBXBuildFile; fileRef = CFCBA60E2A4873C5003236EE /* 10807.swift */; };
		CFCBA6112A487567003236EE /* 10871.swift in Sources */ = {isa = PBXBuildFile; fileRef = CFCBA6102A487567003236EE /* 10871.swift */; };
		CFCBA6132A4878B6003236EE /* 10818.swift in Sources */ = {isa = PBXBuildFile; fileRef = CFCBA6122A4878B6003236EE /* 10818.swift */; };
/* End PBXBuildFile section */

/* Begin PBXCopyFilesBuildPhase section */
		CFB241392A46DB83008C8B1D /* CopyFiles */ = {
			isa = PBXCopyFilesBuildPhase;
			buildActionMask = 2147483647;
			dstPath = /usr/share/man/man1/;
			dstSubfolderSpec = 0;
			files = (
			);
			runOnlyForDeploymentPostprocessing = 1;
		};
/* End PBXCopyFilesBuildPhase section */

/* Begin PBXFileReference section */
		CF00CA522A4B221A0005AA09 /* 2738.swift */ = {isa = PBXFileReference; lastKnownFileType = sourcecode.swift; path = 2738.swift; sourceTree = "<group>"; };
		CF00CA542A4B25FA0005AA09 /* 2566.swift */ = {isa = PBXFileReference; lastKnownFileType = sourcecode.swift; path = 2566.swift; sourceTree = "<group>"; };
		CF00CA562A4B27A10005AA09 /* 10798.swift */ = {isa = PBXFileReference; lastKnownFileType = sourcecode.swift; path = 10798.swift; sourceTree = "<group>"; };
		CF00CA582A4B2EEC0005AA09 /* 2563.swift */ = {isa = PBXFileReference; lastKnownFileType = sourcecode.swift; path = 2563.swift; sourceTree = "<group>"; };
		CF132C8A2A4BD74B009FCD50 /* 2745.swift */ = {isa = PBXFileReference; lastKnownFileType = sourcecode.swift; path = 2745.swift; sourceTree = "<group>"; };
		CF132C8C2A4BE679009FCD50 /* 11005.swift */ = {isa = PBXFileReference; lastKnownFileType = sourcecode.swift; path = 11005.swift; sourceTree = "<group>"; };
		CF132C8E2A4BE9C3009FCD50 /* 2720.swift */ = {isa = PBXFileReference; lastKnownFileType = sourcecode.swift; path = 2720.swift; sourceTree = "<group>"; };
		CF132C902A4BEC16009FCD50 /* 2903.swift */ = {isa = PBXFileReference; lastKnownFileType = sourcecode.swift; path = 2903.swift; sourceTree = "<group>"; };
		CF20B7132A4C8256007859F9 /* 2292.swift */ = {isa = PBXFileReference; lastKnownFileType = sourcecode.swift; path = 2292.swift; sourceTree = "<group>"; };
		CF58B8E72A49BE5600966E7A /* 27866.swift */ = {isa = PBXFileReference; lastKnownFileType = sourcecode.swift; path = 27866.swift; sourceTree = "<group>"; };
		CF58B8E92A49BEE300966E7A /* 2743.swift */ = {isa = PBXFileReference; lastKnownFileType = sourcecode.swift; path = 2743.swift; sourceTree = "<group>"; };
		CF58B8EB2A49BF4000966E7A /* 9086.swift */ = {isa = PBXFileReference; lastKnownFileType = sourcecode.swift; path = 9086.swift; sourceTree = "<group>"; };
		CF58B8ED2A49C13700966E7A /* 11654.swift */ = {isa = PBXFileReference; lastKnownFileType = sourcecode.swift; path = 11654.swift; sourceTree = "<group>"; };
		CF58B8EF2A49C1BB00966E7A /* 11720.swift */ = {isa = PBXFileReference; lastKnownFileType = sourcecode.swift; path = 11720.swift; sourceTree = "<group>"; };
		CF58B8F12A49C28E00966E7A /* 10809.swift */ = {isa = PBXFileReference; lastKnownFileType = sourcecode.swift; path = 10809.swift; sourceTree = "<group>"; };
		CF58B8F32A49C76E00966E7A /* 2675.swift */ = {isa = PBXFileReference; lastKnownFileType = sourcecode.swift; path = 2675.swift; sourceTree = "<group>"; };
		CF58B8F52A49C99700966E7A /* 1152.swift */ = {isa = PBXFileReference; lastKnownFileType = sourcecode.swift; path = 1152.swift; sourceTree = "<group>"; };
		CF58B8F72A49CA2C00966E7A /* 2908.swift */ = {isa = PBXFileReference; lastKnownFileType = sourcecode.swift; path = 2908.swift; sourceTree = "<group>"; };
		CF58B8F92A49CCE900966E7A /* 5622.swift */ = {isa = PBXFileReference; lastKnownFileType = sourcecode.swift; path = 5622.swift; sourceTree = "<group>"; };
		CF58B8FB2A49CE6300966E7A /* 11718.swift */ = {isa = PBXFileReference; lastKnownFileType = sourcecode.swift; path = 11718.swift; sourceTree = "<group>"; };
		CF59C0D72A4869D30058C075 /* 2739.swift */ = {isa = PBXFileReference; lastKnownFileType = sourcecode.swift; path = 2739.swift; sourceTree = "<group>"; };
		CF59C0D92A486A620058C075 /* 10950.swift */ = {isa = PBXFileReference; lastKnownFileType = sourcecode.swift; path = 10950.swift; sourceTree = "<group>"; };
		CF59C0DB2A486B600058C075 /* 8393.swift */ = {isa = PBXFileReference; lastKnownFileType = sourcecode.swift; path = 8393.swift; sourceTree = "<group>"; };
		CF59C0DD2A486BC20058C075 /* 25304.swift */ = {isa = PBXFileReference; lastKnownFileType = sourcecode.swift; path = 25304.swift; sourceTree = "<group>"; };
		CF59C0DF2A486D250058C075 /* 25314.swift */ = {isa = PBXFileReference; lastKnownFileType = sourcecode.swift; path = 25314.swift; sourceTree = "<group>"; };
		CF59C0E12A486E6C0058C075 /* 2438.swift */ = {isa = PBXFileReference; lastKnownFileType = sourcecode.swift; path = 2438.swift; sourceTree = "<group>"; };
		CF59C0E32A486FCB0058C075 /* 2439.swift */ = {isa = PBXFileReference; lastKnownFileType = sourcecode.swift; path = 2439.swift; sourceTree = "<group>"; };
		CF59C0E52A4870830058C075 /* 10952.swift */ = {isa = PBXFileReference; lastKnownFileType = sourcecode.swift; path = 10952.swift; sourceTree = "<group>"; };
		CF59C0E72A4872D30058C075 /* 10951.swift */ = {isa = PBXFileReference; lastKnownFileType = sourcecode.swift; path = 10951.swift; sourceTree = "<group>"; };
		CF8D38282A49466900E39288 /* 2562.swift */ = {isa = PBXFileReference; lastKnownFileType = sourcecode.swift; path = 2562.swift; sourceTree = "<group>"; };
		CF8D382A2A49484500E39288 /* 10810.swift */ = {isa = PBXFileReference; lastKnownFileType = sourcecode.swift; path = 10810.swift; sourceTree = "<group>"; };
		CF8D382C2A4949F400E39288 /* 10813.swift */ = {isa = PBXFileReference; lastKnownFileType = sourcecode.swift; path = 10813.swift; sourceTree = "<group>"; };
		CF8D382E2A494BFF00E39288 /* 5597.swift */ = {isa = PBXFileReference; lastKnownFileType = sourcecode.swift; path = 5597.swift; sourceTree = "<group>"; };
		CF8D38302A494CF400E39288 /* 3052.swift */ = {isa = PBXFileReference; lastKnownFileType = sourcecode.swift; path = 3052.swift; sourceTree = "<group>"; };
		CF8D38322A494E2E00E39288 /* 10811.swift */ = {isa = PBXFileReference; lastKnownFileType = sourcecode.swift; path = 10811.swift; sourceTree = "<group>"; };
		CF8D38342A49522900E39288 /* 1546.swift */ = {isa = PBXFileReference; lastKnownFileType = sourcecode.swift; path = 1546.swift; sourceTree = "<group>"; };
		CF92EBD82A4A70E60017C0EA /* 3003.swift */ = {isa = PBXFileReference; lastKnownFileType = sourcecode.swift; path = 3003.swift; sourceTree = "<group>"; };
		CF92EBDA2A4A72170017C0EA /* 2444.swift */ = {isa = PBXFileReference; lastKnownFileType = sourcecode.swift; path = 2444.swift; sourceTree = "<group>"; };
		CF92EBDC2A4A7A4F0017C0EA /* 10988.swift */ = {isa = PBXFileReference; lastKnownFileType = sourcecode.swift; path = 10988.swift; sourceTree = "<group>"; };
		CF92EBDE2A4A7CCB0017C0EA /* 1157.swift */ = {isa = PBXFileReference; lastKnownFileType = sourcecode.swift; path = 1157.swift; sourceTree = "<group>"; };
		CF92EBE02A4A87EB0017C0EA /* 2941.swift */ = {isa = PBXFileReference; lastKnownFileType = sourcecode.swift; path = 2941.swift; sourceTree = "<group>"; };
		CFAD82682A4AB7FA00E1B264 /* 1316.swift */ = {isa = PBXFileReference; lastKnownFileType = sourcecode.swift; path = 1316.swift; sourceTree = "<group>"; };
		CFAD826A2A4ABEEC00E1B264 /* 25206.swift */ = {isa = PBXFileReference; lastKnownFileType = sourcecode.swift; path = 25206.swift; sourceTree = "<group>"; };
		CFAD826C2A4AC3E000E1B264 /* 25083.swift */ = {isa = PBXFileReference; lastKnownFileType = sourcecode.swift; path = 25083.swift; sourceTree = "<group>"; };
		CFB2413B2A46DB83008C8B1D /* CodingTest */ = {isa = PBXFileReference; explicitFileType = "compiled.mach-o.executable"; includeInIndex = 0; path = CodingTest; sourceTree = BUILT_PRODUCTS_DIR; };
		CFB2413E2A46DB83008C8B1D /* main.swift */ = {isa = PBXFileReference; lastKnownFileType = sourcecode.swift; path = main.swift; sourceTree = "<group>"; };
		CFB241452A46DF03008C8B1D /* 2557.swift */ = {isa = PBXFileReference; lastKnownFileType = sourcecode.swift; path = 2557.swift; sourceTree = "<group>"; };
		CFB241482A46DFD9008C8B1D /* 10869.swift */ = {isa = PBXFileReference; lastKnownFileType = sourcecode.swift; path = 10869.swift; sourceTree = "<group>"; };
		CFB2414A2A46E09A008C8B1D /* 10926.swift */ = {isa = PBXFileReference; lastKnownFileType = sourcecode.swift; path = 10926.swift; sourceTree = "<group>"; };
		CFB2414C2A46E28C008C8B1D /* 10430.swift */ = {isa = PBXFileReference; lastKnownFileType = sourcecode.swift; path = 10430.swift; sourceTree = "<group>"; };
		CFB2414E2A46E315008C8B1D /* Template.swift */ = {isa = PBXFileReference; lastKnownFileType = sourcecode.swift; path = Template.swift; sourceTree = "<group>"; };
		CFB241502A46E356008C8B1D /* 2588.swift */ = {isa = PBXFileReference; lastKnownFileType = sourcecode.swift; path = 2588.swift; sourceTree = "<group>"; };
		CFB241522A46E640008C8B1D /* 11382.swift */ = {isa = PBXFileReference; lastKnownFileType = sourcecode.swift; path = 11382.swift; sourceTree = "<group>"; };
		CFB241552A46E755008C8B1D /* 1330.swift */ = {isa = PBXFileReference; lastKnownFileType = sourcecode.swift; path = 1330.swift; sourceTree = "<group>"; };
		CFB241572A46E832008C8B1D /* 9498.swift */ = {isa = PBXFileReference; lastKnownFileType = sourcecode.swift; path = 9498.swift; sourceTree = "<group>"; };
		CFB241592A46E94C008C8B1D /* 2753.swift */ = {isa = PBXFileReference; lastKnownFileType = sourcecode.swift; path = 2753.swift; sourceTree = "<group>"; };
		CFB2415B2A46EA0F008C8B1D /* 14681.swift */ = {isa = PBXFileReference; lastKnownFileType = sourcecode.swift; path = 14681.swift; sourceTree = "<group>"; };
		CFB2415D2A46EAD7008C8B1D /* 2884.swift */ = {isa = PBXFileReference; lastKnownFileType = sourcecode.swift; path = 2884.swift; sourceTree = "<group>"; };
		CFB2415F2A46EC05008C8B1D /* 2525.swift */ = {isa = PBXFileReference; lastKnownFileType = sourcecode.swift; path = 2525.swift; sourceTree = "<group>"; };
		CFB241612A46EE5C008C8B1D /* 2480.swift */ = {isa = PBXFileReference; lastKnownFileType = sourcecode.swift; path = 2480.swift; sourceTree = "<group>"; };
		CFCBA60E2A4873C5003236EE /* 10807.swift */ = {isa = PBXFileReference; lastKnownFileType = sourcecode.swift; path = 10807.swift; sourceTree = "<group>"; };
		CFCBA6102A487567003236EE /* 10871.swift */ = {isa = PBXFileReference; lastKnownFileType = sourcecode.swift; path = 10871.swift; sourceTree = "<group>"; };
		CFCBA6122A4878B6003236EE /* 10818.swift */ = {isa = PBXFileReference; lastKnownFileType = sourcecode.swift; path = 10818.swift; sourceTree = "<group>"; };
/* End PBXFileReference section */

/* Begin PBXFrameworksBuildPhase section */
		CFB241382A46DB83008C8B1D /* Frameworks */ = {
			isa = PBXFrameworksBuildPhase;
			buildActionMask = 2147483647;
			files = (
			);
			runOnlyForDeploymentPostprocessing = 0;
		};
/* End PBXFrameworksBuildPhase section */

/* Begin PBXGroup section */
		CF00CA512A4B21EF0005AA09 /* 2차원 배열 */ = {
			isa = PBXGroup;
			children = (
				CF00CA522A4B221A0005AA09 /* 2738.swift */,
				CF00CA542A4B25FA0005AA09 /* 2566.swift */,
				CF00CA562A4B27A10005AA09 /* 10798.swift */,
				CF00CA582A4B2EEC0005AA09 /* 2563.swift */,
			);
			name = "2차원 배열";
			path = "2차원 배열";
			sourceTree = "<group>";
		};
		CF132C892A4BD737009FCD50 /* 일반 수학1 */ = {
			isa = PBXGroup;
			children = (
				CF132C8A2A4BD74B009FCD50 /* 2745.swift */,
				CF132C8C2A4BE679009FCD50 /* 11005.swift */,
				CF132C8E2A4BE9C3009FCD50 /* 2720.swift */,
				CF132C902A4BEC16009FCD50 /* 2903.swift */,
				CF20B7132A4C8256007859F9 /* 2292.swift */,
			);
			name = "일반 수학1";
			path = "일반 수학1";
			sourceTree = "<group>";
		};
		CF58B8E62A49BE3200966E7A /* 문자열 */ = {
			isa = PBXGroup;
			children = (
				CF58B8E72A49BE5600966E7A /* 27866.swift */,
				CF58B8E92A49BEE300966E7A /* 2743.swift */,
				CF58B8EB2A49BF4000966E7A /* 9086.swift */,
				CF58B8ED2A49C13700966E7A /* 11654.swift */,
				CF58B8EF2A49C1BB00966E7A /* 11720.swift */,
				CF58B8F12A49C28E00966E7A /* 10809.swift */,
				CF58B8F32A49C76E00966E7A /* 2675.swift */,
				CF58B8F52A49C99700966E7A /* 1152.swift */,
				CF58B8F72A49CA2C00966E7A /* 2908.swift */,
				CF58B8F92A49CCE900966E7A /* 5622.swift */,
				CF58B8FB2A49CE6300966E7A /* 11718.swift */,
			);
			name = "문자열";
			path = "문자열";
			sourceTree = "<group>";
		};
		CF59C0D62A4869BE0058C075 /* 반복문 */ = {
			isa = PBXGroup;
			children = (
				CF59C0D72A4869D30058C075 /* 2739.swift */,
				CF59C0D92A486A620058C075 /* 10950.swift */,
				CF59C0DB2A486B600058C075 /* 8393.swift */,
				CF59C0DD2A486BC20058C075 /* 25304.swift */,
				CF59C0DF2A486D250058C075 /* 25314.swift */,
				CF59C0E12A486E6C0058C075 /* 2438.swift */,
				CF59C0E32A486FCB0058C075 /* 2439.swift */,
				CF59C0E52A4870830058C075 /* 10952.swift */,
				CF59C0E72A4872D30058C075 /* 10951.swift */,
			);
			name = "반복문";
			path = "반복문";
			sourceTree = "<group>";
		};
		CF92EBD72A4A705A0017C0EA /* 심화1단계 */ = {
			isa = PBXGroup;
			children = (
				CF92EBD82A4A70E60017C0EA /* 3003.swift */,
				CF92EBDA2A4A72170017C0EA /* 2444.swift */,
				CF92EBDC2A4A7A4F0017C0EA /* 10988.swift */,
				CF92EBDE2A4A7CCB0017C0EA /* 1157.swift */,
				CF92EBE02A4A87EB0017C0EA /* 2941.swift */,
				CFAD82682A4AB7FA00E1B264 /* 1316.swift */,
				CFAD826A2A4ABEEC00E1B264 /* 25206.swift */,
				CFAD826C2A4AC3E000E1B264 /* 25083.swift */,
			);
			name = "심화1단계";
			path = "심화1";
			sourceTree = "<group>";
		};
		CFB241322A46DB83008C8B1D = {
			isa = PBXGroup;
			children = (
				CFB2413D2A46DB83008C8B1D /* CodingTest */,
				CFB2413C2A46DB83008C8B1D /* Products */,
			);
			sourceTree = "<group>";
		};
		CFB2413C2A46DB83008C8B1D /* Products */ = {
			isa = PBXGroup;
			children = (
				CFB2413B2A46DB83008C8B1D /* CodingTest */,
			);
			name = Products;
			sourceTree = "<group>";
		};
		CFB2413D2A46DB83008C8B1D /* CodingTest */ = {
			isa = PBXGroup;
			children = (
				CFB2414E2A46E315008C8B1D /* Template.swift */,
				CFB2413E2A46DB83008C8B1D /* main.swift */,
				CFB241472A46DF74008C8B1D /* 입출력과 사칙연산 */,
				CFB241542A46E743008C8B1D /* 조건문 */,
				CF59C0D62A4869BE0058C075 /* 반복문 */,
				CFCBA60D2A4873B6003236EE /* 1차원 배열 */,
				CF58B8E62A49BE3200966E7A /* 문자열 */,
				CF92EBD72A4A705A0017C0EA /* 심화1단계 */,
				CF00CA512A4B21EF0005AA09 /* 2차원 배열 */,
				CF132C892A4BD737009FCD50 /* 일반 수학1 */,
			);
			path = CodingTest;
			sourceTree = "<group>";
		};
		CFB241472A46DF74008C8B1D /* 입출력과 사칙연산 */ = {
			isa = PBXGroup;
			children = (
				CFB241452A46DF03008C8B1D /* 2557.swift */,
				CFB241482A46DFD9008C8B1D /* 10869.swift */,
				CFB2414A2A46E09A008C8B1D /* 10926.swift */,
				CFB2414C2A46E28C008C8B1D /* 10430.swift */,
				CFB241502A46E356008C8B1D /* 2588.swift */,
				CFB241522A46E640008C8B1D /* 11382.swift */,
			);
			name = "입출력과 사칙연산";
			path = "입출력과 사칙연산";
			sourceTree = "<group>";
		};
		CFB241542A46E743008C8B1D /* 조건문 */ = {
			isa = PBXGroup;
			children = (
				CFB241552A46E755008C8B1D /* 1330.swift */,
				CFB241572A46E832008C8B1D /* 9498.swift */,
				CFB241592A46E94C008C8B1D /* 2753.swift */,
				CFB2415B2A46EA0F008C8B1D /* 14681.swift */,
				CFB2415D2A46EAD7008C8B1D /* 2884.swift */,
				CFB2415F2A46EC05008C8B1D /* 2525.swift */,
				CFB241612A46EE5C008C8B1D /* 2480.swift */,
			);
			name = "조건문";
			path = "조건문";
			sourceTree = "<group>";
		};
		CFCBA60D2A4873B6003236EE /* 1차원 배열 */ = {
			isa = PBXGroup;
			children = (
				CFCBA60E2A4873C5003236EE /* 10807.swift */,
				CFCBA6122A4878B6003236EE /* 10818.swift */,
				CFCBA6102A487567003236EE /* 10871.swift */,
				CF8D38282A49466900E39288 /* 2562.swift */,
				CF8D382A2A49484500E39288 /* 10810.swift */,
				CF8D382C2A4949F400E39288 /* 10813.swift */,
				CF8D382E2A494BFF00E39288 /* 5597.swift */,
				CF8D38302A494CF400E39288 /* 3052.swift */,
				CF8D38322A494E2E00E39288 /* 10811.swift */,
				CF8D38342A49522900E39288 /* 1546.swift */,
			);
			name = "1차원 배열";
			path = "1차원 배열";
			sourceTree = "<group>";
		};
/* End PBXGroup section */

/* Begin PBXNativeTarget section */
		CFB2413A2A46DB83008C8B1D /* CodingTest */ = {
			isa = PBXNativeTarget;
			buildConfigurationList = CFB241422A46DB83008C8B1D /* Build configuration list for PBXNativeTarget "CodingTest" */;
			buildPhases = (
				CFB241372A46DB83008C8B1D /* Sources */,
				CFB241382A46DB83008C8B1D /* Frameworks */,
				CFB241392A46DB83008C8B1D /* CopyFiles */,
			);
			buildRules = (
			);
			dependencies = (
			);
			name = CodingTest;
			productName = CodingTest;
			productReference = CFB2413B2A46DB83008C8B1D /* CodingTest */;
			productType = "com.apple.product-type.tool";
		};
/* End PBXNativeTarget section */

/* Begin PBXProject section */
		CFB241332A46DB83008C8B1D /* Project object */ = {
			isa = PBXProject;
			attributes = {
				BuildIndependentTargetsInParallel = 1;
				LastSwiftUpdateCheck = 1430;
				LastUpgradeCheck = 1430;
				TargetAttributes = {
					CFB2413A2A46DB83008C8B1D = {
						CreatedOnToolsVersion = 14.3.1;
					};
				};
			};
			buildConfigurationList = CFB241362A46DB83008C8B1D /* Build configuration list for PBXProject "CodingTest" */;
			compatibilityVersion = "Xcode 14.0";
			developmentRegion = en;
			hasScannedForEncodings = 0;
			knownRegions = (
				en,
				Base,
			);
			mainGroup = CFB241322A46DB83008C8B1D;
			productRefGroup = CFB2413C2A46DB83008C8B1D /* Products */;
			projectDirPath = "";
			projectRoot = "";
			targets = (
				CFB2413A2A46DB83008C8B1D /* CodingTest */,
			);
		};
/* End PBXProject section */

/* Begin PBXSourcesBuildPhase section */
		CFB241372A46DB83008C8B1D /* Sources */ = {
			isa = PBXSourcesBuildPhase;
			buildActionMask = 2147483647;
			files = (
				CF92EBDD2A4A7A4F0017C0EA /* 10988.swift in Sources */,
				CFCBA6132A4878B6003236EE /* 10818.swift in Sources */,
				CF58B8EA2A49BEE300966E7A /* 2743.swift in Sources */,
				CF8D38332A494E2E00E39288 /* 10811.swift in Sources */,
				CFB2415E2A46EAD7008C8B1D /* 2884.swift in Sources */,
				CF58B8FA2A49CCE900966E7A /* 5622.swift in Sources */,
				CFB241562A46E755008C8B1D /* 1330.swift in Sources */,
				CF58B8F42A49C76E00966E7A /* 2675.swift in Sources */,
				CF132C8F2A4BE9C3009FCD50 /* 2720.swift in Sources */,
				CFB2414B2A46E09A008C8B1D /* 10926.swift in Sources */,
				CFB241492A46DFD9008C8B1D /* 10869.swift in Sources */,
				CF92EBDF2A4A7CCB0017C0EA /* 1157.swift in Sources */,
				CF58B8E82A49BE5600966E7A /* 27866.swift in Sources */,
				CF58B8F22A49C28E00966E7A /* 10809.swift in Sources */,
				CFB241462A46DF03008C8B1D /* 2557.swift in Sources */,
				CF92EBDB2A4A72170017C0EA /* 2444.swift in Sources */,
				CF00CA572A4B27A10005AA09 /* 10798.swift in Sources */,
				CFB2415A2A46E94C008C8B1D /* 2753.swift in Sources */,
				CF8D382D2A4949F400E39288 /* 10813.swift in Sources */,
				CF00CA532A4B221A0005AA09 /* 2738.swift in Sources */,
				CF59C0E82A4872D30058C075 /* 10951.swift in Sources */,
				CFB2414F2A46E315008C8B1D /* Template.swift in Sources */,
				CF8D382F2A494BFF00E39288 /* 5597.swift in Sources */,
				CFB241602A46EC05008C8B1D /* 2525.swift in Sources */,
				CF58B8F02A49C1BB00966E7A /* 11720.swift in Sources */,
				CF58B8F62A49C99700966E7A /* 1152.swift in Sources */,
				CF59C0DA2A486A620058C075 /* 10950.swift in Sources */,
				CF132C8D2A4BE679009FCD50 /* 11005.swift in Sources */,
				CF58B8EC2A49BF4000966E7A /* 9086.swift in Sources */,
				CF59C0DE2A486BC20058C075 /* 25304.swift in Sources */,
				CF58B8F82A49CA2C00966E7A /* 2908.swift in Sources */,
				CF8D38292A49466900E39288 /* 2562.swift in Sources */,
				CF8D38312A494CF400E39288 /* 3052.swift in Sources */,
				CF132C8B2A4BD74B009FCD50 /* 2745.swift in Sources */,
				CFB2413F2A46DB83008C8B1D /* main.swift in Sources */,
				CFB241532A46E640008C8B1D /* 11382.swift in Sources */,
				CF59C0D82A4869D30058C075 /* 2739.swift in Sources */,
				CFB2414D2A46E28C008C8B1D /* 10430.swift in Sources */,
				CFAD82692A4AB7FA00E1B264 /* 1316.swift in Sources */,
				CFAD826D2A4AC3E000E1B264 /* 25083.swift in Sources */,
				CFCBA6112A487567003236EE /* 10871.swift in Sources */,
				CF92EBD92A4A70E60017C0EA /* 3003.swift in Sources */,
				CF58B8EE2A49C13700966E7A /* 11654.swift in Sources */,
				CF59C0E62A4870830058C075 /* 10952.swift in Sources */,
				CF58B8FC2A49CE6300966E7A /* 11718.swift in Sources */,
				CFB241622A46EE5C008C8B1D /* 2480.swift in Sources */,
				CF59C0E22A486E6C0058C075 /* 2438.swift in Sources */,
				CF8D38352A49522900E39288 /* 1546.swift in Sources */,
				CF59C0DC2A486B600058C075 /* 8393.swift in Sources */,
				CF00CA552A4B25FA0005AA09 /* 2566.swift in Sources */,
				CF59C0E42A486FCB0058C075 /* 2439.swift in Sources */,
				CFB241512A46E356008C8B1D /* 2588.swift in Sources */,
				CF20B7142A4C8256007859F9 /* 2292.swift in Sources */,
				CFCBA60F2A4873C5003236EE /* 10807.swift in Sources */,
				CF132C912A4BEC16009FCD50 /* 2903.swift in Sources */,
				CF92EBE12A4A87EB0017C0EA /* 2941.swift in Sources */,
				CF59C0E02A486D250058C075 /* 25314.swift in Sources */,
				CF00CA592A4B2EEC0005AA09 /* 2563.swift in Sources */,
				CFB2415C2A46EA0F008C8B1D /* 14681.swift in Sources */,
				CFAD826B2A4ABEEC00E1B264 /* 25206.swift in Sources */,
				CF8D382B2A49484500E39288 /* 10810.swift in Sources */,
				CFB241582A46E832008C8B1D /* 9498.swift in Sources */,
			);
			runOnlyForDeploymentPostprocessing = 0;
		};
/* End PBXSourcesBuildPhase section */

/* Begin XCBuildConfiguration section */
		CFB241402A46DB83008C8B1D /* Debug */ = {
			isa = XCBuildConfiguration;
			buildSettings = {
				ALWAYS_SEARCH_USER_PATHS = NO;
				CLANG_ANALYZER_NONNULL = YES;
				CLANG_ANALYZER_NUMBER_OBJECT_CONVERSION = YES_AGGRESSIVE;
				CLANG_CXX_LANGUAGE_STANDARD = "gnu++20";
				CLANG_ENABLE_MODULES = YES;
				CLANG_ENABLE_OBJC_ARC = YES;
				CLANG_ENABLE_OBJC_WEAK = YES;
				CLANG_WARN_BLOCK_CAPTURE_AUTORELEASING = YES;
				CLANG_WARN_BOOL_CONVERSION = YES;
				CLANG_WARN_COMMA = YES;
				CLANG_WARN_CONSTANT_CONVERSION = YES;
				CLANG_WARN_DEPRECATED_OBJC_IMPLEMENTATIONS = YES;
				CLANG_WARN_DIRECT_OBJC_ISA_USAGE = YES_ERROR;
				CLANG_WARN_DOCUMENTATION_COMMENTS = YES;
				CLANG_WARN_EMPTY_BODY = YES;
				CLANG_WARN_ENUM_CONVERSION = YES;
				CLANG_WARN_INFINITE_RECURSION = YES;
				CLANG_WARN_INT_CONVERSION = YES;
				CLANG_WARN_NON_LITERAL_NULL_CONVERSION = YES;
				CLANG_WARN_OBJC_IMPLICIT_RETAIN_SELF = YES;
				CLANG_WARN_OBJC_LITERAL_CONVERSION = YES;
				CLANG_WARN_OBJC_ROOT_CLASS = YES_ERROR;
				CLANG_WARN_QUOTED_INCLUDE_IN_FRAMEWORK_HEADER = YES;
				CLANG_WARN_RANGE_LOOP_ANALYSIS = YES;
				CLANG_WARN_STRICT_PROTOTYPES = YES;
				CLANG_WARN_SUSPICIOUS_MOVE = YES;
				CLANG_WARN_UNGUARDED_AVAILABILITY = YES_AGGRESSIVE;
				CLANG_WARN_UNREACHABLE_CODE = YES;
				CLANG_WARN__DUPLICATE_METHOD_MATCH = YES;
				COPY_PHASE_STRIP = NO;
				DEBUG_INFORMATION_FORMAT = dwarf;
				ENABLE_STRICT_OBJC_MSGSEND = YES;
				ENABLE_TESTABILITY = YES;
				GCC_C_LANGUAGE_STANDARD = gnu11;
				GCC_DYNAMIC_NO_PIC = NO;
				GCC_NO_COMMON_BLOCKS = YES;
				GCC_OPTIMIZATION_LEVEL = 0;
				GCC_PREPROCESSOR_DEFINITIONS = (
					"DEBUG=1",
					"$(inherited)",
				);
				GCC_WARN_64_TO_32_BIT_CONVERSION = YES;
				GCC_WARN_ABOUT_RETURN_TYPE = YES_ERROR;
				GCC_WARN_UNDECLARED_SELECTOR = YES;
				GCC_WARN_UNINITIALIZED_AUTOS = YES_AGGRESSIVE;
				GCC_WARN_UNUSED_FUNCTION = YES;
				GCC_WARN_UNUSED_VARIABLE = YES;
				MACOSX_DEPLOYMENT_TARGET = 13.3;
				MTL_ENABLE_DEBUG_INFO = INCLUDE_SOURCE;
				MTL_FAST_MATH = YES;
				ONLY_ACTIVE_ARCH = YES;
				SDKROOT = macosx;
				SWIFT_ACTIVE_COMPILATION_CONDITIONS = DEBUG;
				SWIFT_OPTIMIZATION_LEVEL = "-Onone";
			};
			name = Debug;
		};
		CFB241412A46DB83008C8B1D /* Release */ = {
			isa = XCBuildConfiguration;
			buildSettings = {
				ALWAYS_SEARCH_USER_PATHS = NO;
				CLANG_ANALYZER_NONNULL = YES;
				CLANG_ANALYZER_NUMBER_OBJECT_CONVERSION = YES_AGGRESSIVE;
				CLANG_CXX_LANGUAGE_STANDARD = "gnu++20";
				CLANG_ENABLE_MODULES = YES;
				CLANG_ENABLE_OBJC_ARC = YES;
				CLANG_ENABLE_OBJC_WEAK = YES;
				CLANG_WARN_BLOCK_CAPTURE_AUTORELEASING = YES;
				CLANG_WARN_BOOL_CONVERSION = YES;
				CLANG_WARN_COMMA = YES;
				CLANG_WARN_CONSTANT_CONVERSION = YES;
				CLANG_WARN_DEPRECATED_OBJC_IMPLEMENTATIONS = YES;
				CLANG_WARN_DIRECT_OBJC_ISA_USAGE = YES_ERROR;
				CLANG_WARN_DOCUMENTATION_COMMENTS = YES;
				CLANG_WARN_EMPTY_BODY = YES;
				CLANG_WARN_ENUM_CONVERSION = YES;
				CLANG_WARN_INFINITE_RECURSION = YES;
				CLANG_WARN_INT_CONVERSION = YES;
				CLANG_WARN_NON_LITERAL_NULL_CONVERSION = YES;
				CLANG_WARN_OBJC_IMPLICIT_RETAIN_SELF = YES;
				CLANG_WARN_OBJC_LITERAL_CONVERSION = YES;
				CLANG_WARN_OBJC_ROOT_CLASS = YES_ERROR;
				CLANG_WARN_QUOTED_INCLUDE_IN_FRAMEWORK_HEADER = YES;
				CLANG_WARN_RANGE_LOOP_ANALYSIS = YES;
				CLANG_WARN_STRICT_PROTOTYPES = YES;
				CLANG_WARN_SUSPICIOUS_MOVE = YES;
				CLANG_WARN_UNGUARDED_AVAILABILITY = YES_AGGRESSIVE;
				CLANG_WARN_UNREACHABLE_CODE = YES;
				CLANG_WARN__DUPLICATE_METHOD_MATCH = YES;
				COPY_PHASE_STRIP = NO;
				DEBUG_INFORMATION_FORMAT = "dwarf-with-dsym";
				ENABLE_NS_ASSERTIONS = NO;
				ENABLE_STRICT_OBJC_MSGSEND = YES;
				GCC_C_LANGUAGE_STANDARD = gnu11;
				GCC_NO_COMMON_BLOCKS = YES;
				GCC_WARN_64_TO_32_BIT_CONVERSION = YES;
				GCC_WARN_ABOUT_RETURN_TYPE = YES_ERROR;
				GCC_WARN_UNDECLARED_SELECTOR = YES;
				GCC_WARN_UNINITIALIZED_AUTOS = YES_AGGRESSIVE;
				GCC_WARN_UNUSED_FUNCTION = YES;
				GCC_WARN_UNUSED_VARIABLE = YES;
				MACOSX_DEPLOYMENT_TARGET = 13.3;
				MTL_ENABLE_DEBUG_INFO = NO;
				MTL_FAST_MATH = YES;
				SDKROOT = macosx;
				SWIFT_COMPILATION_MODE = wholemodule;
				SWIFT_OPTIMIZATION_LEVEL = "-O";
			};
			name = Release;
		};
		CFB241432A46DB83008C8B1D /* Debug */ = {
			isa = XCBuildConfiguration;
			buildSettings = {
				CODE_SIGN_STYLE = Automatic;
				DEVELOPMENT_TEAM = EX6G2VC9J8;
				ENABLE_HARDENED_RUNTIME = YES;
				PRODUCT_NAME = "$(TARGET_NAME)";
				SWIFT_VERSION = 5.0;
			};
			name = Debug;
		};
		CFB241442A46DB83008C8B1D /* Release */ = {
			isa = XCBuildConfiguration;
			buildSettings = {
				CODE_SIGN_STYLE = Automatic;
				DEVELOPMENT_TEAM = EX6G2VC9J8;
				ENABLE_HARDENED_RUNTIME = YES;
				PRODUCT_NAME = "$(TARGET_NAME)";
				SWIFT_VERSION = 5.0;
			};
			name = Release;
		};
/* End XCBuildConfiguration section */

/* Begin XCConfigurationList section */
		CFB241362A46DB83008C8B1D /* Build configuration list for PBXProject "CodingTest" */ = {
			isa = XCConfigurationList;
			buildConfigurations = (
				CFB241402A46DB83008C8B1D /* Debug */,
				CFB241412A46DB83008C8B1D /* Release */,
			);
			defaultConfigurationIsVisible = 0;
			defaultConfigurationName = Release;
		};
		CFB241422A46DB83008C8B1D /* Build configuration list for PBXNativeTarget "CodingTest" */ = {
			isa = XCConfigurationList;
			buildConfigurations = (
				CFB241432A46DB83008C8B1D /* Debug */,
				CFB241442A46DB83008C8B1D /* Release */,
			);
			defaultConfigurationIsVisible = 0;
			defaultConfigurationName = Release;
		};
/* End XCConfigurationList section */
	};
	rootObject = CFB241332A46DB83008C8B1D /* Project object */;
}
